
Microsoft Visual Studio Solution File, Format Version 12.00
# Visual Studio Version 17
VisualStudioVersion = 17.7.34221.43
MinimumVisualStudioVersion = 10.0.40219.1
Project("{FAE04EC0-301F-11D3-BF4B-00C04F79EFBC}") = "проект", "проект.csproj", "{36938A88-C829-4F71-A981-E12A71F409F5}"
EndProject
Global
	GlobalSection(SolutionConfigurationPlatforms) = preSolution
		Debug|Any CPU = Debug|Any CPU
		Release|Any CPU = Release|Any CPU
	EndGlobalSection
	GlobalSection(ProjectConfigurationPlatforms) = postSolution
		{36938A88-C829-4F71-A981-E12A71F409F5}.Debug|Any CPU.ActiveCfg = Debug|Any CPU
		{36938A88-C829-4F71-A981-E12A71F409F5}.Debug|Any CPU.Build.0 = Debug|Any CPU
		{36938A88-C829-4F71-A981-E12A71F409F5}.Release|Any CPU.ActiveCfg = Release|Any CPU
		{36938A88-C829-4F71-A981-E12A71F409F5}.Release|Any CPU.Build.0 = Release|Any CPU
	EndGlobalSection
	GlobalSection(SolutionProperties) = preSolution
		HideSolutionNode = FALSE
	EndGlobalSection
	GlobalSection(ExtensibilityGlobals) = postSolution
		SolutionGuid = {6688876C-D9FF-480F-AC8C-75FFF7B58ED3}
	EndGlobalSection
EndGlobal
